Microsoft Visual Studio Solution File, Format Version 11.00
# Visual Studio 2008

Project("{F576027E-E7D6-2AA2-AF99-AB793F94B544}") = "RaceGame_01", "Assembly-CSharp.csproj", "{D0ADE6C4-7496-AD56-C374-BE2CD9CF6EE4}"
EndProject
Project("{F576027E-E7D6-2AA2-AF99-AB793F94B544}") = "RaceGame_01", "Assembly-CSharp-Editor.csproj", "{D3F6CB4B-9640-33D5-462E-90CEC44DEB82}"
EndProject
Global
	GlobalSection(SolutionConfigurationPlatforms) = preSolution
		Debug|Any CPU = Debug|Any CPU
		Release|Any CPU = Release|Any CPU
	EndGlobalSection
	GlobalSection(ProjectConfigurationPlatforms) = postSolution
		{D0ADE6C4-7496-AD56-C374-BE2CD9CF6EE4}.Debug|Any CPU.ActiveCfg = Debug|Any CPU
		{D0ADE6C4-7496-AD56-C374-BE2CD9CF6EE4}.Debug|Any CPU.Build.0 = Debug|Any CPU
		{D0ADE6C4-7496-AD56-C374-BE2CD9CF6EE4}.Release|Any CPU.ActiveCfg = Release|Any CPU
		{D0ADE6C4-7496-AD56-C374-BE2CD9CF6EE4}.Release|Any CPU.Build.0 = Release|Any CPU
		{D3F6CB4B-9640-33D5-462E-90CEC44DEB82}.Debug|Any CPU.ActiveCfg = Debug|Any CPU
		{D3F6CB4B-9640-33D5-462E-90CEC44DEB82}.Debug|Any CPU.Build.0 = Debug|Any CPU
		{D3F6CB4B-9640-33D5-462E-90CEC44DEB82}.Release|Any CPU.ActiveCfg = Release|Any CPU
		{D3F6CB4B-9640-33D5-462E-90CEC44DEB82}.Release|Any CPU.Build.0 = Release|Any CPU
	EndGlobalSection
	GlobalSection(SolutionProperties) = preSolution
		HideSolutionNode = FALSE
	EndGlobalSection
																				GlobalSection(MonoDevelopProperties) = preSolution
		StartupItem = Assembly-CSharp.csproj
		Policies = $0
		$0.TextStylePolicy = $1
		$1.inheritsSet = null
		$1.scope = text/x-csharp
		$0.CSharpFormattingPolicy = $2
		$2.inheritsSet = Mono
		$2.inheritsScope = text/x-csharp
		$2.scope = text/x-csharp
		$0.TextStylePolicy = $3
		$3.FileWidth = 120
		$3.TabWidth = 4
		$3.IndentWidth = 4
		$3.EolMarker = Unix
		$3.inheritsSet = Mono
		$3.inheritsScope = text/plain
		$3.scope = text/plain
	EndGlobalSection

EndGlobal
